
Microsoft Visual Studio Solution File, Format Version 12.00
# Visual Studio Version 17
VisualStudioVersion = 17.1.32210.238
MinimumVisualStudioVersion = 10.0.40219.1
Project("{FAE04EC0-301F-11D3-BF4B-00C04F79EFBC}") = "NT106_Project", "NT106_Project\NT106_Project.csproj", "{3CF2DB32-4B48-467F-9812-3B755B2E7D92}"
EndProject
Global
	GlobalSection(SolutionConfigurationPlatforms) = preSolution
		Debug|Any CPU = Debug|Any CPU
		Release|Any CPU = Release|Any CPU
	EndGlobalSection
	GlobalSection(ProjectConfigurationPlatforms) = postSolution
		{3CF2DB32-4B48-467F-9812-3B755B2E7D92}.Debug|Any CPU.ActiveCfg = Debug|Any CPU
		{3CF2DB32-4B48-467F-9812-3B755B2E7D92}.Debug|Any CPU.Build.0 = Debug|Any CPU
		{3CF2DB32-4B48-467F-9812-3B755B2E7D92}.Release|Any CPU.ActiveCfg = Release|Any CPU
		{3CF2DB32-4B48-467F-9812-3B755B2E7D92}.Release|Any CPU.Build.0 = Release|Any CPU
	EndGlobalSection
	GlobalSection(SolutionProperties) = preSolution
		HideSolutionNode = FALSE
	EndGlobalSection
	GlobalSection(ExtensibilityGlobals) = postSolution
		SolutionGuid = {849914D7-E939-4F74-B6FB-B8AA135DDA6B}
	EndGlobalSection
EndGlobal
